<?xml version="1.0" encoding="utf-8"?>
<Project ToolsVersion="4.0" xmlns="http://schemas.microsoft.com/developer/msbuild/2003">
  <ItemGroup>
    <Filter Include="Time">
      <UniqueIdentifier>{6c651f7f-e85b-4e47-9603-4e717a1fccaa}</UniqueIdentifier>
    </Filter>
    <Filter Include="Entity">
      <UniqueIdentifier>{0df61cd5-d31b-471c-8014-8162315cc203}</UniqueIdentifier>
    </Filter>
    <Filter Include="Scene">
      <UniqueIdentifier>{66b0fad8-ab41-40aa-aec5-0c1e504760f6}</UniqueIdentifier>
    </Filter>
    <Filter Include="Component">
      <UniqueIdentifier>{24a39502-6e02-4d6b-b2ab-2451005dc496}</UniqueIdentifier>
    </Filter>
    <Filter Include="GameObject">
      <UniqueIdentifier>{81b46ba6-3d1b-4d54-b006-d23ad61cfac2}</UniqueIdentifier>
    </Filter>
    <Filter Include="99. Common">
      <UniqueIdentifier>{23ae750d-c69b-436e-b1f2-1ec6fe5b28c2}</UniqueIdentifier>
    </Filter>
    <Filter Include="Scene\Layer">
      <UniqueIdentifier>{91874a49-8edf-4594-8edb-ecee0ea0633d}</UniqueIdentifier>
    </Filter>
    <Filter Include="GameObject\Object">
      <UniqueIdentifier>{7d75f864-15a9-48f4-993a-0ec9488fce94}</UniqueIdentifier>
    </Filter>
    <Filter Include="Scene\Manager">
      <UniqueIdentifier>{1ced3ef6-5dd0-460f-aa15-3dec3118884b}</UniqueIdentifier>
    </Filter>
    <Filter Include="Scene\Util">
      <UniqueIdentifier>{29c19d10-3f22-4108-8131-ce2348145465}</UniqueIdentifier>
    </Filter>
  </ItemGroup>
  <ItemGroup>
    <ClCompile Include="$(MSBuildThisFileDirectory)seTime.cpp">
      <Filter>Time</Filter>
    </ClCompile>
    <ClCompile Include="$(MSBuildThisFileDirectory)seEntity.cpp">
      <Filter>Entity</Filter>
    </ClCompile>
    <ClCompile Include="$(MSBuildThisFileDirectory)seScene.cpp">
      <Filter>Scene</Filter>
    </ClCompile>
    <ClCompile Include="$(MSBuildThisFileDirectory)seComponent.cpp">
      <Filter>Component</Filter>
    </ClCompile>
    <ClCompile Include="$(MSBuildThisFileDirectory)seGameObject.cpp">
      <Filter>GameObject</Filter>
    </ClCompile>
    <ClCompile Include="$(MSBuildThisFileDirectory)seLayer.cpp">
      <Filter>Scene\Layer</Filter>
    </ClCompile>
    <ClCompile Include="$(MSBuildThisFileDirectory)seSceneManager.cpp">
      <Filter>Scene\Manager</Filter>
    </ClCompile>
  </ItemGroup>
  <ItemGroup>
    <ClInclude Include="$(MSBuildThisFileDirectory)seTime.h">
      <Filter>Time</Filter>
    </ClInclude>
    <ClInclude Include="$(MSBuildThisFileDirectory)seEntity.h">
      <Filter>Entity</Filter>
    </ClInclude>
    <ClInclude Include="$(MSBuildThisFileDirectory)seScene.h">
      <Filter>Scene</Filter>
    </ClInclude>
    <ClInclude Include="$(MSBuildThisFileDirectory)seComponent.h">
      <Filter>Component</Filter>
    </ClInclude>
    <ClInclude Include="$(MSBuildThisFileDirectory)seGameObject.h">
      <Filter>GameObject</Filter>
    </ClInclude>
    <ClInclude Include="$(MSBuildThisFileDirectory)CommonInclude.h">
      <Filter>99. Common</Filter>
    </ClInclude>
    <ClInclude Include="$(MSBuildThisFileDirectory)seEnums.h">
      <Filter>99. Common</Filter>
    </ClInclude>
    <ClInclude Include="$(MSBuildThisFileDirectory)seLayer.h">
      <Filter>Scene\Layer</Filter>
    </ClInclude>
    <ClInclude Include="$(MSBuildThisFileDirectory)seObject.h">
      <Filter>GameObject\Object</Filter>
    </ClInclude>
    <ClInclude Include="$(MSBuildThisFileDirectory)seSceneManager.h">
      <Filter>Scene\Manager</Filter>
    </ClInclude>
    <ClInclude Include="$(MSBuildThisFileDirectory)LoadScene.h">
      <Filter>Scene\Util</Filter>
    </ClInclude>
  </ItemGroup>
</Project>